// !$*UTF8*$!
{
	archiveVersion = 1;
	classes = {
	};
	objectVersion = 46;
	objects = {

/* Begin PBXBuildFile section */
		1A0EA034533E4F298E6494BE /* libPods-Mi9 Bar FinderTests.a in Frameworks */ = {isa = PBXBuildFile; fileRef = 83C815B684AB4A6EBFDBED3E /* libPods-Mi9 Bar FinderTests.a */; };
		30575B8946B34D45AB15FF45 /* libPods.a in Frameworks */ = {isa = PBXBuildFile; fileRef = 17655BB71F6A413BBC45ADE6 /* libPods.a */; };
		544F7A0F17D6FBE800FDA281 /* Parse.framework in Frameworks */ = {isa = PBXBuildFile; fileRef = 544F7A0E17D6FBE800FDA281 /* Parse.framework */; };
		544F7A1117D6FC1800FDA281 /* AudioToolbox.framework in Frameworks */ = {isa = PBXBuildFile; fileRef = 544F7A1017D6FC1800FDA281 /* AudioToolbox.framework */; };
		544F7A1317D6FC1F00FDA281 /* CFNetwork.framework in Frameworks */ = {isa = PBXBuildFile; fileRef = 544F7A1217D6FC1F00FDA281 /* CFNetwork.framework */; };
		544F7A1517D6FC2E00FDA281 /* CoreLocation.framework in Frameworks */ = {isa = PBXBuildFile; fileRef = 544F7A1417D6FC2E00FDA281 /* CoreLocation.framework */; };
		544F7A1717D6FC3900FDA281 /* libz.1.1.3.dylib in Frameworks */ = {isa = PBXBuildFile; fileRef = 544F7A1617D6FC3900FDA281 /* libz.1.1.3.dylib */; };
		544F7A1917D6FC3F00FDA281 /* MobileCoreServices.framework in Frameworks */ = {isa = PBXBuildFile; fileRef = 544F7A1817D6FC3F00FDA281 /* MobileCoreServices.framework */; };
		544F7A1B17D6FC4600FDA281 /* QuartzCore.framework in Frameworks */ = {isa = PBXBuildFile; fileRef = 544F7A1A17D6FC4600FDA281 /* QuartzCore.framework */; };
		544F7A1D17D6FC4E00FDA281 /* Security.framework in Frameworks */ = {isa = PBXBuildFile; fileRef = 544F7A1C17D6FC4E00FDA281 /* Security.framework */; };
		544F7A1F17D6FC5400FDA281 /* StoreKit.framework in Frameworks */ = {isa = PBXBuildFile; fileRef = 544F7A1E17D6FC5400FDA281 /* StoreKit.framework */; };
		544F7A2117D6FC5B00FDA281 /* SystemConfiguration.framework in Frameworks */ = {isa = PBXBuildFile; fileRef = 544F7A2017D6FC5B00FDA281 /* SystemConfiguration.framework */; };
		544F7A2317D6FEA300FDA281 /* FacebookSDK.framework in Frameworks */ = {isa = PBXBuildFile; fileRef = 544F7A2217D6FEA300FDA281 /* FacebookSDK.framework */; };
		544F7A2917D7055700FDA281 /* Mi9Bar.m in Sources */ = {isa = PBXBuildFile; fileRef = 544F7A2817D7055700FDA281 /* Mi9Bar.m */; };
		544F7A2B17D70AD700FDA281 /* Mi9BarSpec.m in Sources */ = {isa = PBXBuildFile; fileRef = 544F7A2A17D70AD700FDA281 /* Mi9BarSpec.m */; };
		54B3B40F17D6F8A60009F382 /* UIKit.framework in Frameworks */ = {isa = PBXBuildFile; fileRef = 54B3B40E17D6F8A60009F382 /* UIKit.framework */; };
		54B3B41117D6F8A60009F382 /* Foundation.framework in Frameworks */ = {isa = PBXBuildFile; fileRef = 54B3B41017D6F8A60009F382 /* Foundation.framework */; };
		54B3B41317D6F8A60009F382 /* CoreGraphics.framework in Frameworks */ = {isa = PBXBuildFile; fileRef = 54B3B41217D6F8A60009F382 /* CoreGraphics.framework */; };
		54B3B41917D6F8A60009F382 /* InfoPlist.strings in Resources */ = {isa = PBXBuildFile; fileRef = 54B3B41717D6F8A60009F382 /* InfoPlist.strings */; };
		54B3B41B17D6F8A60009F382 /* main.m in Sources */ = {isa = PBXBuildFile; fileRef = 54B3B41A17D6F8A60009F382 /* main.m */; };
		54B3B41F17D6F8A60009F382 /* Mi9AppDelegate.m in Sources */ = {isa = PBXBuildFile; fileRef = 54B3B41E17D6F8A60009F382 /* Mi9AppDelegate.m */; };
		54B3B42117D6F8A60009F382 /* Default.png in Resources */ = {isa = PBXBuildFile; fileRef = 54B3B42017D6F8A60009F382 /* Default.png */; };
		54B3B42317D6F8A60009F382 /* Default@2x.png in Resources */ = {isa = PBXBuildFile; fileRef = 54B3B42217D6F8A60009F382 /* Default@2x.png */; };
		54B3B42517D6F8A60009F382 /* Default-568h@2x.png in Resources */ = {isa = PBXBuildFile; fileRef = 54B3B42417D6F8A60009F382 /* Default-568h@2x.png */; };
		54B3B42817D6F8A60009F382 /* Mi9ViewController.m in Sources */ = {isa = PBXBuildFile; fileRef = 54B3B42717D6F8A60009F382 /* Mi9ViewController.m */; };
		54B3B42B17D6F8A70009F382 /* Mi9ViewController.xib in Resources */ = {isa = PBXBuildFile; fileRef = 54B3B42917D6F8A70009F382 /* Mi9ViewController.xib */; };
		54B3B43317D6F8A70009F382 /* SenTestingKit.framework in Frameworks */ = {isa = PBXBuildFile; fileRef = 54B3B43217D6F8A70009F382 /* SenTestingKit.framework */; };
		54B3B43417D6F8A70009F382 /* UIKit.framework in Frameworks */ = {isa = PBXBuildFile; fileRef = 54B3B40E17D6F8A60009F382 /* UIKit.framework */; };
		54B3B43517D6F8A70009F382 /* Foundation.framework in Frameworks */ = {isa = PBXBuildFile; fileRef = 54B3B41017D6F8A60009F382 /* Foundation.framework */; };
		54B3B43D17D6F8A70009F382 /* InfoPlist.strings in Resources */ = {isa = PBXBuildFile; fileRef = 54B3B43B17D6F8A70009F382 /* InfoPlist.strings */; };
		648E33FE17D7275C00D29DCF /* Mi9WelcomeViewController.m in Sources */ = {isa = PBXBuildFile; fileRef = 648E33FC17D7275C00D29DCF /* Mi9WelcomeViewController.m */; };
		648E33FF17D7275C00D29DCF /* Mi9WelcomeViewController.xib in Resources */ = {isa = PBXBuildFile; fileRef = 648E33FD17D7275C00D29DCF /* Mi9WelcomeViewController.xib */; };
/* End PBXBuildFile section */

/* Begin PBXContainerItemProxy section */
		54B3B43617D6F8A70009F382 /* PBXContainerItemProxy */ = {
			isa = PBXContainerItemProxy;
			containerPortal = 54B3B40317D6F8A60009F382 /* Project object */;
			proxyType = 1;
			remoteGlobalIDString = 54B3B40A17D6F8A60009F382;
			remoteInfo = "Mi9 Bar Finder";
		};
/* End PBXContainerItemProxy section */

/* Begin PBXFileReference section */
		17655BB71F6A413BBC45ADE6 /* libPods.a */ = {isa = PBXFileReference; explicitFileType = archive.ar; includeInIndex = 0; path = libPods.a; sourceTree = BUILT_PRODUCTS_DIR; };
		386A9830D99C40FC8DAEDAAB /* Pods-Mi9 Bar FinderTests.xcconfig */ = {isa = PBXFileReference; includeInIndex = 1; lastKnownFileType = text.xcconfig; name = "Pods-Mi9 Bar FinderTests.xcconfig"; path = "Pods/Pods-Mi9 Bar FinderTests.xcconfig"; sourceTree = SOURCE_ROOT; };
		544F7A0E17D6FBE800FDA281 /* Parse.framework */ = {isa = PBXFileReference; lastKnownFileType = wrapper.framework; path = Parse.framework; sourceTree = "<group>"; };
		544F7A1017D6FC1800FDA281 /* AudioToolbox.framework */ = {isa = PBXFileReference; lastKnownFileType = wrapper.framework; name = AudioToolbox.framework; path = System/Library/Frameworks/AudioToolbox.framework; sourceTree = SDKROOT; };
		544F7A1217D6FC1F00FDA281 /* CFNetwork.framework */ = {isa = PBXFileReference; lastKnownFileType = wrapper.framework; name = CFNetwork.framework; path = System/Library/Frameworks/CFNetwork.framework; sourceTree = SDKROOT; };
		544F7A1417D6FC2E00FDA281 /* CoreLocation.framework */ = {isa = PBXFileReference; lastKnownFileType = wrapper.framework; name = CoreLocation.framework; path = System/Library/Frameworks/CoreLocation.framework; sourceTree = SDKROOT; };
		544F7A1617D6FC3900FDA281 /* libz.1.1.3.dylib */ = {isa = PBXFileReference; lastKnownFileType = "compiled.mach-o.dylib"; name = libz.1.1.3.dylib; path = usr/lib/libz.1.1.3.dylib; sourceTree = SDKROOT; };
		544F7A1817D6FC3F00FDA281 /* MobileCoreServices.framework */ = {isa = PBXFileReference; lastKnownFileType = wrapper.framework; name = MobileCoreServices.framework; path = System/Library/Frameworks/MobileCoreServices.framework; sourceTree = SDKROOT; };
		544F7A1A17D6FC4600FDA281 /* QuartzCore.framework */ = {isa = PBXFileReference; lastKnownFileType = wrapper.framework; name = QuartzCore.framework; path = System/Library/Frameworks/QuartzCore.framework; sourceTree = SDKROOT; };
		544F7A1C17D6FC4E00FDA281 /* Security.framework */ = {isa = PBXFileReference; lastKnownFileType = wrapper.framework; name = Security.framework; path = System/Library/Frameworks/Security.framework; sourceTree = SDKROOT; };
		544F7A1E17D6FC5400FDA281 /* StoreKit.framework */ = {isa = PBXFileReference; lastKnownFileType = wrapper.framework; name = StoreKit.framework; path = System/Library/Frameworks/StoreKit.framework; sourceTree = SDKROOT; };
		544F7A2017D6FC5B00FDA281 /* SystemConfiguration.framework */ = {isa = PBXFileReference; lastKnownFileType = wrapper.framework; name = SystemConfiguration.framework; path = System/Library/Frameworks/SystemConfiguration.framework; sourceTree = SDKROOT; };
		544F7A2217D6FEA300FDA281 /* FacebookSDK.framework */ = {isa = PBXFileReference; lastKnownFileType = wrapper.framework; path = FacebookSDK.framework; sourceTree = "<group>"; };
		544F7A2717D7055700FDA281 /* Mi9Bar.h */ = {isa = PBXFileReference; fileEncoding = 4; lastKnownFileType = sourcecode.c.h; name = Mi9Bar.h; path = Models/Mi9Bar.h; sourceTree = "<group>"; };
		544F7A2817D7055700FDA281 /* Mi9Bar.m */ = {isa = PBXFileReference; fileEncoding = 4; lastKnownFileType = sourcecode.c.objc; name = Mi9Bar.m; path = Models/Mi9Bar.m; sourceTree = "<group>"; };
		544F7A2A17D70AD700FDA281 /* Mi9BarSpec.m */ = {isa = PBXFileReference; fileEncoding = 4; lastKnownFileType = sourcecode.c.objc; name = Mi9BarSpec.m; path = Models/Mi9BarSpec.m; sourceTree = "<group>"; };
		54B3B40B17D6F8A60009F382 /* Mi9 Bar Finder.app */ = {isa = PBXFileReference; explicitFileType = wrapper.application; includeInIndex = 0; path = "Mi9 Bar Finder.app"; sourceTree = BUILT_PRODUCTS_DIR; };
		54B3B40E17D6F8A60009F382 /* UIKit.framework */ = {isa = PBXFileReference; lastKnownFileType = wrapper.framework; name = UIKit.framework; path = System/Library/Frameworks/UIKit.framework; sourceTree = SDKROOT; };
		54B3B41017D6F8A60009F382 /* Foundation.framework */ = {isa = PBXFileReference; lastKnownFileType = wrapper.framework; name = Foundation.framework; path = System/Library/Frameworks/Foundation.framework; sourceTree = SDKROOT; };
		54B3B41217D6F8A60009F382 /* CoreGraphics.framework */ = {isa = PBXFileReference; lastKnownFileType = wrapper.framework; name = CoreGraphics.framework; path = System/Library/Frameworks/CoreGraphics.framework; sourceTree = SDKROOT; };
		54B3B41617D6F8A60009F382 /* Mi9 Bar Finder-Info.plist */ = {isa = PBXFileReference; lastKnownFileType = text.plist.xml; path = "Mi9 Bar Finder-Info.plist"; sourceTree = "<group>"; };
		54B3B41817D6F8A60009F382 /* en */ = {isa = PBXFileReference; lastKnownFileType = text.plist.strings; name = en; path = en.lproj/InfoPlist.strings; sourceTree = "<group>"; };
		54B3B41A17D6F8A60009F382 /* main.m */ = {isa = PBXFileReference; lastKnownFileType = sourcecode.c.objc; path = main.m; sourceTree = "<group>"; };
		54B3B41C17D6F8A60009F382 /* Mi9 Bar Finder-Prefix.pch */ = {isa = PBXFileReference; lastKnownFileType = sourcecode.c.h; path = "Mi9 Bar Finder-Prefix.pch"; sourceTree = "<group>"; };
		54B3B41D17D6F8A60009F382 /* Mi9AppDelegate.h */ = {isa = PBXFileReference; lastKnownFileType = sourcecode.c.h; path = Mi9AppDelegate.h; sourceTree = "<group>"; };
		54B3B41E17D6F8A60009F382 /* Mi9AppDelegate.m */ = {isa = PBXFileReference; lastKnownFileType = sourcecode.c.objc; path = Mi9AppDelegate.m; sourceTree = "<group>"; };
		54B3B42017D6F8A60009F382 /* Default.png */ = {isa = PBXFileReference; lastKnownFileType = image.png; path = Default.png; sourceTree = "<group>"; };
		54B3B42217D6F8A60009F382 /* Default@2x.png */ = {isa = PBXFileReference; lastKnownFileType = image.png; path = "Default@2x.png"; sourceTree = "<group>"; };
		54B3B42417D6F8A60009F382 /* Default-568h@2x.png */ = {isa = PBXFileReference; lastKnownFileType = image.png; path = "Default-568h@2x.png"; sourceTree = "<group>"; };
		54B3B42617D6F8A60009F382 /* Mi9ViewController.h */ = {isa = PBXFileReference; lastKnownFileType = sourcecode.c.h; path = Mi9ViewController.h; sourceTree = "<group>"; };
		54B3B42717D6F8A60009F382 /* Mi9ViewController.m */ = {isa = PBXFileReference; lastKnownFileType = sourcecode.c.objc; path = Mi9ViewController.m; sourceTree = "<group>"; };
		54B3B42A17D6F8A70009F382 /* en */ = {isa = PBXFileReference; lastKnownFileType = file.xib; name = en; path = en.lproj/Mi9ViewController.xib; sourceTree = "<group>"; };
		54B3B43117D6F8A70009F382 /* Mi9 Bar FinderTests.octest */ = {isa = PBXFileReference; explicitFileType = wrapper.cfbundle; includeInIndex = 0; path = "Mi9 Bar FinderTests.octest"; sourceTree = BUILT_PRODUCTS_DIR; };
		54B3B43217D6F8A70009F382 /* SenTestingKit.framework */ = {isa = PBXFileReference; lastKnownFileType = wrapper.framework; name = SenTestingKit.framework; path = Library/Frameworks/SenTestingKit.framework; sourceTree = DEVELOPER_DIR; };
		54B3B43A17D6F8A70009F382 /* Mi9 Bar FinderTests-Info.plist */ = {isa = PBXFileReference; lastKnownFileType = text.plist.xml; path = "Mi9 Bar FinderTests-Info.plist"; sourceTree = "<group>"; };
		54B3B43C17D6F8A70009F382 /* en */ = {isa = PBXFileReference; lastKnownFileType = text.plist.strings; name = en; path = en.lproj/InfoPlist.strings; sourceTree = "<group>"; };
		54B3B44917D6F8BD0009F382 /* Podfile */ = {isa = PBXFileReference; lastKnownFileType = text; path = Podfile; sourceTree = "<group>"; };
		648E33FB17D7275C00D29DCF /* Mi9WelcomeViewController.h */ = {isa = PBXFileReference; fileEncoding = 4; lastKnownFileType = sourcecode.c.h; name = Mi9WelcomeViewController.h; path = "View Controllers/Mi9WelcomeViewController.h"; sourceTree = "<group>"; };
		648E33FC17D7275C00D29DCF /* Mi9WelcomeViewController.m */ = {isa = PBXFileReference; fileEncoding = 4; lastKnownFileType = sourcecode.c.objc; name = Mi9WelcomeViewController.m; path = "View Controllers/Mi9WelcomeViewController.m"; sourceTree = "<group>"; };
		648E33FD17D7275C00D29DCF /* Mi9WelcomeViewController.xib */ = {isa = PBXFileReference; fileEncoding = 4; lastKnownFileType = file.xib; name = Mi9WelcomeViewController.xib; path = "View Controllers/Mi9WelcomeViewController.xib"; sourceTree = "<group>"; };
		83C815B684AB4A6EBFDBED3E /* libPods-Mi9 Bar FinderTests.a */ = {isa = PBXFileReference; explicitFileType = archive.ar; includeInIndex = 0; path = "libPods-Mi9 Bar FinderTests.a"; sourceTree = BUILT_PRODUCTS_DIR; };
		B1DFE3B5830340AD830E7210 /* Pods.xcconfig */ = {isa = PBXFileReference; includeInIndex = 1; lastKnownFileType = text.xcconfig; name = Pods.xcconfig; path = Pods/Pods.xcconfig; sourceTree = SOURCE_ROOT; };
/* End PBXFileReference section */

/* Begin PBXFrameworksBuildPhase section */
		54B3B40817D6F8A60009F382 /* Frameworks */ = {
			isa = PBXFrameworksBuildPhase;
			buildActionMask = 2147483647;
			files = (
				544F7A2117D6FC5B00FDA281 /* SystemConfiguration.framework in Frameworks */,
				544F7A1F17D6FC5400FDA281 /* StoreKit.framework in Frameworks */,
				544F7A1D17D6FC4E00FDA281 /* Security.framework in Frameworks */,
				544F7A1B17D6FC4600FDA281 /* QuartzCore.framework in Frameworks */,
				544F7A1917D6FC3F00FDA281 /* MobileCoreServices.framework in Frameworks */,
				544F7A1717D6FC3900FDA281 /* libz.1.1.3.dylib in Frameworks */,
				544F7A1517D6FC2E00FDA281 /* CoreLocation.framework in Frameworks */,
				54B3B41317D6F8A60009F382 /* CoreGraphics.framework in Frameworks */,
				544F7A1317D6FC1F00FDA281 /* CFNetwork.framework in Frameworks */,
				544F7A1117D6FC1800FDA281 /* AudioToolbox.framework in Frameworks */,
				54B3B40F17D6F8A60009F382 /* UIKit.framework in Frameworks */,
				54B3B41117D6F8A60009F382 /* Foundation.framework in Frameworks */,
				30575B8946B34D45AB15FF45 /* libPods.a in Frameworks */,
				544F7A0F17D6FBE800FDA281 /* Parse.framework in Frameworks */,
				544F7A2317D6FEA300FDA281 /* FacebookSDK.framework in Frameworks */,
			);
			runOnlyForDeploymentPostprocessing = 0;
		};
		54B3B42D17D6F8A70009F382 /* Frameworks */ = {
			isa = PBXFrameworksBuildPhase;
			buildActionMask = 2147483647;
			files = (
				54B3B43317D6F8A70009F382 /* SenTestingKit.framework in Frameworks */,
				54B3B43417D6F8A70009F382 /* UIKit.framework in Frameworks */,
				54B3B43517D6F8A70009F382 /* Foundation.framework in Frameworks */,
				1A0EA034533E4F298E6494BE /* libPods-Mi9 Bar FinderTests.a in Frameworks */,
			);
			runOnlyForDeploymentPostprocessing = 0;
		};
/* End PBXFrameworksBuildPhase section */

/* Begin PBXGroup section */
		544F7A2417D7017100FDA281 /* Models */ = {
			isa = PBXGroup;
			children = (
				544F7A2717D7055700FDA281 /* Mi9Bar.h */,
				544F7A2817D7055700FDA281 /* Mi9Bar.m */,
			);
			name = Models;
			sourceTree = "<group>";
		};
		544F7A2517D7017700FDA281 /* Views */ = {
			isa = PBXGroup;
			children = (
			);
			name = Views;
			sourceTree = "<group>";
		};
		544F7A2617D7017B00FDA281 /* View Controllers */ = {
			isa = PBXGroup;
			children = (
				648E33FB17D7275C00D29DCF /* Mi9WelcomeViewController.h */,
				648E33FC17D7275C00D29DCF /* Mi9WelcomeViewController.m */,
				648E33FD17D7275C00D29DCF /* Mi9WelcomeViewController.xib */,
			);
			name = "View Controllers";
			sourceTree = "<group>";
		};
		54B3B40217D6F8A60009F382 = {
			isa = PBXGroup;
			children = (
				54B3B44917D6F8BD0009F382 /* Podfile */,
				54B3B41417D6F8A60009F382 /* Mi9 Bar Finder */,
				54B3B43817D6F8A70009F382 /* Mi9 Bar FinderTests */,
				54B3B40D17D6F8A60009F382 /* Frameworks */,
				54B3B40C17D6F8A60009F382 /* Products */,
				B1DFE3B5830340AD830E7210 /* Pods.xcconfig */,
				386A9830D99C40FC8DAEDAAB /* Pods-Mi9 Bar FinderTests.xcconfig */,
			);
			sourceTree = "<group>";
		};
		54B3B40C17D6F8A60009F382 /* Products */ = {
			isa = PBXGroup;
			children = (
				54B3B40B17D6F8A60009F382 /* Mi9 Bar Finder.app */,
				54B3B43117D6F8A70009F382 /* Mi9 Bar FinderTests.octest */,
			);
			name = Products;
			sourceTree = "<group>";
		};
		54B3B40D17D6F8A60009F382 /* Frameworks */ = {
			isa = PBXGroup;
			children = (
				544F7A2217D6FEA300FDA281 /* FacebookSDK.framework */,
				544F7A2017D6FC5B00FDA281 /* SystemConfiguration.framework */,
				544F7A1E17D6FC5400FDA281 /* StoreKit.framework */,
				544F7A1C17D6FC4E00FDA281 /* Security.framework */,
				544F7A1A17D6FC4600FDA281 /* QuartzCore.framework */,
				544F7A1817D6FC3F00FDA281 /* MobileCoreServices.framework */,
				544F7A1617D6FC3900FDA281 /* libz.1.1.3.dylib */,
				544F7A1417D6FC2E00FDA281 /* CoreLocation.framework */,
				544F7A1217D6FC1F00FDA281 /* CFNetwork.framework */,
				544F7A1017D6FC1800FDA281 /* AudioToolbox.framework */,
				544F7A0E17D6FBE800FDA281 /* Parse.framework */,
				54B3B40E17D6F8A60009F382 /* UIKit.framework */,
				54B3B41017D6F8A60009F382 /* Foundation.framework */,
				54B3B41217D6F8A60009F382 /* CoreGraphics.framework */,
				54B3B43217D6F8A70009F382 /* SenTestingKit.framework */,
				17655BB71F6A413BBC45ADE6 /* libPods.a */,
				83C815B684AB4A6EBFDBED3E /* libPods-Mi9 Bar FinderTests.a */,
			);
			name = Frameworks;
			sourceTree = "<group>";
		};
		54B3B41417D6F8A60009F382 /* Mi9 Bar Finder */ = {
			isa = PBXGroup;
			children = (
				544F7A2617D7017B00FDA281 /* View Controllers */,
				544F7A2517D7017700FDA281 /* Views */,
				544F7A2417D7017100FDA281 /* Models */,
				54B3B41D17D6F8A60009F382 /* Mi9AppDelegate.h */,
				54B3B41E17D6F8A60009F382 /* Mi9AppDelegate.m */,
				54B3B42617D6F8A60009F382 /* Mi9ViewController.h */,
				54B3B42717D6F8A60009F382 /* Mi9ViewController.m */,
				54B3B42917D6F8A70009F382 /* Mi9ViewController.xib */,
				54B3B41517D6F8A60009F382 /* Supporting Files */,
			);
			path = "Mi9 Bar Finder";
			sourceTree = "<group>";
		};
		54B3B41517D6F8A60009F382 /* Supporting Files */ = {
			isa = PBXGroup;
			children = (
				54B3B41617D6F8A60009F382 /* Mi9 Bar Finder-Info.plist */,
				54B3B41717D6F8A60009F382 /* InfoPlist.strings */,
				54B3B41A17D6F8A60009F382 /* main.m */,
				54B3B41C17D6F8A60009F382 /* Mi9 Bar Finder-Prefix.pch */,
				54B3B42017D6F8A60009F382 /* Default.png */,
				54B3B42217D6F8A60009F382 /* Default@2x.png */,
				54B3B42417D6F8A60009F382 /* Default-568h@2x.png */,
			);
			name = "Supporting Files";
			sourceTree = "<group>";
		};
		54B3B43817D6F8A70009F382 /* Mi9 Bar FinderTests */ = {
			isa = PBXGroup;
			children = (
				54B3B43917D6F8A70009F382 /* Supporting Files */,
				544F7A2A17D70AD700FDA281 /* Mi9BarSpec.m */,
			);
			path = "Mi9 Bar FinderTests";
			sourceTree = "<group>";
		};
		54B3B43917D6F8A70009F382 /* Supporting Files */ = {
			isa = PBXGroup;
			children = (
				54B3B43A17D6F8A70009F382 /* Mi9 Bar FinderTests-Info.plist */,
				54B3B43B17D6F8A70009F382 /* InfoPlist.strings */,
			);
			name = "Supporting Files";
			sourceTree = "<group>";
		};
/* End PBXGroup section */

/* Begin PBXNativeTarget section */
		54B3B40A17D6F8A60009F382 /* Mi9 Bar Finder */ = {
			isa = PBXNativeTarget;
			buildConfigurationList = 54B3B44317D6F8A70009F382 /* Build configuration list for PBXNativeTarget "Mi9 Bar Finder" */;
			buildPhases = (
				C5CBC0B37F26481FA6F4C0D7 /* Check Pods Manifest.lock */,
				54B3B40717D6F8A60009F382 /* Sources */,
				54B3B40817D6F8A60009F382 /* Frameworks */,
				54B3B40917D6F8A60009F382 /* Resources */,
				6008AA500F324E248C8A915F /* Copy Pods Resources */,
			);
			buildRules = (
			);
			dependencies = (
			);
			name = "Mi9 Bar Finder";
			productName = "Mi9 Bar Finder";
			productReference = 54B3B40B17D6F8A60009F382 /* Mi9 Bar Finder.app */;
			productType = "com.apple.product-type.application";
		};
		54B3B43017D6F8A70009F382 /* Mi9 Bar FinderTests */ = {
			isa = PBXNativeTarget;
			buildConfigurationList = 54B3B44617D6F8A70009F382 /* Build configuration list for PBXNativeTarget "Mi9 Bar FinderTests" */;
			buildPhases = (
				DAB1C33ED46145ADBB89E2C9 /* Check Pods Manifest.lock */,
				54B3B42C17D6F8A70009F382 /* Sources */,
				54B3B42D17D6F8A70009F382 /* Frameworks */,
				54B3B42E17D6F8A70009F382 /* Resources */,
				54B3B42F17D6F8A70009F382 /* ShellScript */,
				0982F998AF50408C93C856C0 /* Copy Pods Resources */,
			);
			buildRules = (
			);
			dependencies = (
				54B3B43717D6F8A70009F382 /* PBXTargetDependency */,
			);
			name = "Mi9 Bar FinderTests";
			productName = "Mi9 Bar FinderTests";
			productReference = 54B3B43117D6F8A70009F382 /* Mi9 Bar FinderTests.octest */;
			productType = "com.apple.product-type.bundle";
		};
/* End PBXNativeTarget section */

/* Begin PBXProject section */
		54B3B40317D6F8A60009F382 /* Project object */ = {
			isa = PBXProject;
			attributes = {
				CLASSPREFIX = Mi9;
				LastUpgradeCheck = 0460;
				ORGANIZATIONNAME = NineMSN;
			};
			buildConfigurationList = 54B3B40617D6F8A60009F382 /* Build configuration list for PBXProject "Mi9 Bar Finder" */;
			compatibilityVersion = "Xcode 3.2";
			developmentRegion = English;
			hasScannedForEncodings = 0;
			knownRegions = (
				en,
			);
			mainGroup = 54B3B40217D6F8A60009F382;
			productRefGroup = 54B3B40C17D6F8A60009F382 /* Products */;
			projectDirPath = "";
			projectRoot = "";
			targets = (
				54B3B40A17D6F8A60009F382 /* Mi9 Bar Finder */,
				54B3B43017D6F8A70009F382 /* Mi9 Bar FinderTests */,
			);
		};
/* End PBXProject section */

/* Begin PBXResourcesBuildPhase section */
		54B3B40917D6F8A60009F382 /* Resources */ = {
			isa = PBXResourcesBuildPhase;
			buildActionMask = 2147483647;
			files = (
				54B3B41917D6F8A60009F382 /* InfoPlist.strings in Resources */,
				54B3B42117D6F8A60009F382 /* Default.png in Resources */,
				54B3B42317D6F8A60009F382 /* Default@2x.png in Resources */,
				54B3B42517D6F8A60009F382 /* Default-568h@2x.png in Resources */,
				54B3B42B17D6F8A70009F382 /* Mi9ViewController.xib in Resources */,
				648E33FF17D7275C00D29DCF /* Mi9WelcomeViewController.xib in Resources */,
			);
			runOnlyForDeploymentPostprocessing = 0;
		};
		54B3B42E17D6F8A70009F382 /* Resources */ = {
			isa = PBXResourcesBuildPhase;
			buildActionMask = 2147483647;
			files = (
				54B3B43D17D6F8A70009F382 /* InfoPlist.strings in Resources */,
			);
			runOnlyForDeploymentPostprocessing = 0;
		};
/* End PBXResourcesBuildPhase section */

/* Begin PBXShellScriptBuildPhase section */
		0982F998AF50408C93C856C0 /* Copy Pods Resources */ = {
			isa = PBXShellScriptBuildPhase;
			buildActionMask = 2147483647;
			files = (
			);
			inputPaths = (
			);
			name = "Copy Pods Resources";
			outputPaths = (
			);
			runOnlyForDeploymentPostprocessing = 0;
			shellPath = /bin/sh;
			shellScript = "\"${SRCROOT}/Pods/Pods-Mi9 Bar FinderTests-resources.sh\"\n";
		};
		54B3B42F17D6F8A70009F382 /* ShellScript */ = {
			isa = PBXShellScriptBuildPhase;
			buildActionMask = 2147483647;
			files = (
			);
			inputPaths = (
			);
			outputPaths = (
			);
			runOnlyForDeploymentPostprocessing = 0;
			shellPath = /bin/sh;
			shellScript = "# Run the unit tests in this test bundle.\n\"${SYSTEM_DEVELOPER_DIR}/Tools/RunUnitTests\"\n";
		};
		6008AA500F324E248C8A915F /* Copy Pods Resources */ = {
			isa = PBXShellScriptBuildPhase;
			buildActionMask = 2147483647;
			files = (
			);
			inputPaths = (
			);
			name = "Copy Pods Resources";
			outputPaths = (
			);
			runOnlyForDeploymentPostprocessing = 0;
			shellPath = /bin/sh;
			shellScript = "\"${SRCROOT}/Pods/Pods-resources.sh\"\n";
		};
		C5CBC0B37F26481FA6F4C0D7 /* Check Pods Manifest.lock */ = {
			isa = PBXShellScriptBuildPhase;
			buildActionMask = 2147483647;
			files = (
			);
			inputPaths = (
			);
			name = "Check Pods Manifest.lock";
			outputPaths = (
			);
			runOnlyForDeploymentPostprocessing = 0;
			shellPath = /bin/sh;
			shellScript = "diff \"${PODS_ROOT}/../Podfile.lock\" \"${PODS_ROOT}/Manifest.lock\" > /dev/null\nif [[ $? != 0 ]] ; then\n    cat << EOM\nerror: The sandbox is not in sync with the Podfile.lock. Run 'pod install' or update your CocoaPods installation.\nEOM\n    exit 1\nfi\n";
		};
		DAB1C33ED46145ADBB89E2C9 /* Check Pods Manifest.lock */ = {
			isa = PBXShellScriptBuildPhase;
			buildActionMask = 2147483647;
			files = (
			);
			inputPaths = (
			);
			name = "Check Pods Manifest.lock";
			outputPaths = (
			);
			runOnlyForDeploymentPostprocessing = 0;
			shellPath = /bin/sh;
			shellScript = "diff \"${PODS_ROOT}/../Podfile.lock\" \"${PODS_ROOT}/Manifest.lock\" > /dev/null\nif [[ $? != 0 ]] ; then\n    cat << EOM\nerror: The sandbox is not in sync with the Podfile.lock. Run 'pod install' or update your CocoaPods installation.\nEOM\n    exit 1\nfi\n";
		};
/* End PBXShellScriptBuildPhase section */

/* Begin PBXSourcesBuildPhase section */
		54B3B40717D6F8A60009F382 /* Sources */ = {
			isa = PBXSourcesBuildPhase;
			buildActionMask = 2147483647;
			files = (
				54B3B41B17D6F8A60009F382 /* main.m in Sources */,
				54B3B41F17D6F8A60009F382 /* Mi9AppDelegate.m in Sources */,
				54B3B42817D6F8A60009F382 /* Mi9ViewController.m in Sources */,
				544F7A2917D7055700FDA281 /* Mi9Bar.m in Sources */,
				648E33FE17D7275C00D29DCF /* Mi9WelcomeViewController.m in Sources */,
			);
			runOnlyForDeploymentPostprocessing = 0;
		};
		54B3B42C17D6F8A70009F382 /* Sources */ = {
			isa = PBXSourcesBuildPhase;
			buildActionMask = 2147483647;
			files = (
				544F7A2B17D70AD700FDA281 /* Mi9BarSpec.m in Sources */,
			);
			runOnlyForDeploymentPostprocessing = 0;
		};
/* End PBXSourcesBuildPhase section */

/* Begin PBXTargetDependency section */
		54B3B43717D6F8A70009F382 /* PBXTargetDependency */ = {
			isa = PBXTargetDependency;
			target = 54B3B40A17D6F8A60009F382 /* Mi9 Bar Finder */;
			targetProxy = 54B3B43617D6F8A70009F382 /* PBXContainerItemProxy */;
		};
/* End PBXTargetDependency section */

/* Begin PBXVariantGroup section */
		54B3B41717D6F8A60009F382 /* InfoPlist.strings */ = {
			isa = PBXVariantGroup;
			children = (
				54B3B41817D6F8A60009F382 /* en */,
			);
			name = InfoPlist.strings;
			sourceTree = "<group>";
		};
		54B3B42917D6F8A70009F382 /* Mi9ViewController.xib */ = {
			isa = PBXVariantGroup;
			children = (
				54B3B42A17D6F8A70009F382 /* en */,
			);
			name = Mi9ViewController.xib;
			sourceTree = "<group>";
		};
		54B3B43B17D6F8A70009F382 /* InfoPlist.strings */ = {
			isa = PBXVariantGroup;
			children = (
				54B3B43C17D6F8A70009F382 /* en */,
			);
			name = InfoPlist.strings;
			sourceTree = "<group>";
		};
/* End PBXVariantGroup section */

/* Begin XCBuildConfiguration section */
		54B3B44117D6F8A70009F382 /* Debug */ = {
			isa = XCBuildConfiguration;
			buildSettings = {
				ALWAYS_SEARCH_USER_PATHS = NO;
				CLANG_CXX_LANGUAGE_STANDARD = "gnu++0x";
				CLANG_CXX_LIBRARY = "libc++";
				CLANG_ENABLE_OBJC_ARC = YES;
				CLANG_WARN_CONSTANT_CONVERSION = YES;
				CLANG_WARN_EMPTY_BODY = YES;
				CLANG_WARN_ENUM_CONVERSION = YES;
				CLANG_WARN_INT_CONVERSION = YES;
				CLANG_WARN__DUPLICATE_METHOD_MATCH = YES;
				"CODE_SIGN_IDENTITY[sdk=iphoneos*]" = "iPhone Developer";
				COPY_PHASE_STRIP = NO;
				GCC_C_LANGUAGE_STANDARD = gnu99;
				GCC_DYNAMIC_NO_PIC = NO;
				GCC_OPTIMIZATION_LEVEL = 0;
				GCC_PREPROCESSOR_DEFINITIONS = (
					"DEBUG=1",
					"$(inherited)",
				);
				GCC_SYMBOLS_PRIVATE_EXTERN = NO;
				GCC_WARN_ABOUT_RETURN_TYPE = YES;
				GCC_WARN_UNINITIALIZED_AUTOS = YES;
				GCC_WARN_UNUSED_VARIABLE = YES;
				IPHONEOS_DEPLOYMENT_TARGET = 6.1;
				ONLY_ACTIVE_ARCH = YES;
				SDKROOT = iphoneos;
			};
			name = Debug;
		};
		54B3B44217D6F8A70009F382 /* Release */ = {
			isa = XCBuildConfiguration;
			buildSettings = {
				ALWAYS_SEARCH_USER_PATHS = NO;
				CLANG_CXX_LANGUAGE_STANDARD = "gnu++0x";
				CLANG_CXX_LIBRARY = "libc++";
				CLANG_ENABLE_OBJC_ARC = YES;
				CLANG_WARN_CONSTANT_CONVERSION = YES;
				CLANG_WARN_EMPTY_BODY = YES;
				CLANG_WARN_ENUM_CONVERSION = YES;
				CLANG_WARN_INT_CONVERSION = YES;
				CLANG_WARN__DUPLICATE_METHOD_MATCH = YES;
				"CODE_SIGN_IDENTITY[sdk=iphoneos*]" = "iPhone Developer";
				COPY_PHASE_STRIP = YES;
				GCC_C_LANGUAGE_STANDARD = gnu99;
				GCC_WARN_ABOUT_RETURN_TYPE = YES;
				GCC_WARN_UNINITIALIZED_AUTOS = YES;
				GCC_WARN_UNUSED_VARIABLE = YES;
				IPHONEOS_DEPLOYMENT_TARGET = 6.1;
				OTHER_CFLAGS = "-DNS_BLOCK_ASSERTIONS=1";
				SDKROOT = iphoneos;
				VALIDATE_PRODUCT = YES;
			};
			name = Release;
		};
		54B3B44417D6F8A70009F382 /* Debug */ = {
			isa = XCBuildConfiguration;
			baseConfigurationReference = B1DFE3B5830340AD830E7210 /* Pods.xcconfig */;
			buildSettings = {
				FRAMEWORK_SEARCH_PATHS = (
					"$(inherited)",
					"\"$(SRCROOT)\"",
				);
				GCC_PRECOMPILE_PREFIX_HEADER = YES;
				GCC_PREFIX_HEADER = "Mi9 Bar Finder/Mi9 Bar Finder-Prefix.pch";
				INFOPLIST_FILE = "Mi9 Bar Finder/Mi9 Bar Finder-Info.plist";
				PRODUCT_NAME = "$(TARGET_NAME)";
				WRAPPER_EXTENSION = app;
			};
			name = Debug;
		};
		54B3B44517D6F8A70009F382 /* Release */ = {
			isa = XCBuildConfiguration;
			baseConfigurationReference = B1DFE3B5830340AD830E7210 /* Pods.xcconfig */;
			buildSettings = {
				FRAMEWORK_SEARCH_PATHS = (
					"$(inherited)",
					"\"$(SRCROOT)\"",
				);
				GCC_PRECOMPILE_PREFIX_HEADER = YES;
				GCC_PREFIX_HEADER = "Mi9 Bar Finder/Mi9 Bar Finder-Prefix.pch";
				INFOPLIST_FILE = "Mi9 Bar Finder/Mi9 Bar Finder-Info.plist";
				PRODUCT_NAME = "$(TARGET_NAME)";
				WRAPPER_EXTENSION = app;
			};
			name = Release;
		};
		54B3B44717D6F8A70009F382 /* Debug */ = {
			isa = XCBuildConfiguration;
			baseConfigurationReference = 386A9830D99C40FC8DAEDAAB /* Pods-Mi9 Bar FinderTests.xcconfig */;
			buildSettings = {
				BUNDLE_LOADER = "$(BUILT_PRODUCTS_DIR)/Mi9 Bar Finder.app/Mi9 Bar Finder";
				FRAMEWORK_SEARCH_PATHS = (
					"\"$(SDKROOT)/Developer/Library/Frameworks\"",
					"\"$(DEVELOPER_LIBRARY_DIR)/Frameworks\"",
				);
				GCC_PRECOMPILE_PREFIX_HEADER = YES;
				GCC_PREFIX_HEADER = "Mi9 Bar Finder/Mi9 Bar Finder-Prefix.pch";
				INFOPLIST_FILE = "Mi9 Bar FinderTests/Mi9 Bar FinderTests-Info.plist";
				PRODUCT_NAME = "$(TARGET_NAME)";
				TEST_HOST = "$(BUNDLE_LOADER)";
				WRAPPER_EXTENSION = octest;
			};
			name = Debug;
		};
		54B3B44817D6F8A70009F382 /* Release */ = {
			isa = XCBuildConfiguration;
			baseConfigurationReference = 386A9830D99C40FC8DAEDAAB /* Pods-Mi9 Bar FinderTests.xcconfig */;
			buildSettings = {
				BUNDLE_LOADER = "$(BUILT_PRODUCTS_DIR)/Mi9 Bar Finder.app/Mi9 Bar Finder";
				FRAMEWORK_SEARCH_PATHS = (
					"\"$(SDKROOT)/Developer/Library/Frameworks\"",
					"\"$(DEVELOPER_LIBRARY_DIR)/Frameworks\"",
				);
				GCC_PRECOMPILE_PREFIX_HEADER = YES;
				GCC_PREFIX_HEADER = "Mi9 Bar Finder/Mi9 Bar Finder-Prefix.pch";
				INFOPLIST_FILE = "Mi9 Bar FinderTests/Mi9 Bar FinderTests-Info.plist";
				PRODUCT_NAME = "$(TARGET_NAME)";
				TEST_HOST = "$(BUNDLE_LOADER)";
				WRAPPER_EXTENSION = octest;
			};
			name = Release;
		};
/* End XCBuildConfiguration section */

/* Begin XCConfigurationList section */
		54B3B40617D6F8A60009F382 /* Build configuration list for PBXProject "Mi9 Bar Finder" */ = {
			isa = XCConfigurationList;
			buildConfigurations = (
				54B3B44117D6F8A70009F382 /* Debug */,
				54B3B44217D6F8A70009F382 /* Release */,
			);
			defaultConfigurationIsVisible = 0;
			defaultConfigurationName = Release;
		};
		54B3B44317D6F8A70009F382 /* Build configuration list for PBXNativeTarget "Mi9 Bar Finder" */ = {
			isa = XCConfigurationList;
			buildConfigurations = (
				54B3B44417D6F8A70009F382 /* Debug */,
				54B3B44517D6F8A70009F382 /* Release */,
			);
			defaultConfigurationIsVisible = 0;
			defaultConfigurationName = Release;
		};
		54B3B44617D6F8A70009F382 /* Build configuration list for PBXNativeTarget "Mi9 Bar FinderTests" */ = {
			isa = XCConfigurationList;
			buildConfigurations = (
				54B3B44717D6F8A70009F382 /* Debug */,
				54B3B44817D6F8A70009F382 /* Release */,
			);
			defaultConfigurationIsVisible = 0;
			defaultConfigurationName = Release;
		};
/* End XCConfigurationList section */
	};
	rootObject = 54B3B40317D6F8A60009F382 /* Project object */;
}
